github.com/natessilva/dag v0.0.0-20180124060714-7194b8dcc5c4 h1:dnMxwus89s86tI8rcGVp2HwZzlz7c5o92VOy7dSckBQ=
github.com/natessilva/dag v0.0.0-20180124060714-7194b8dcc5c4/go.mod h1:cojhOHk1gbMeklOyDP2oKKLftefXoJreOQGOrXk+Z38=
github.com/sammcj/go-mermaid v0.0.2 h1:XAhVl7XkqUHJd3kdJ64YqyBACI4BNrJ3hqTtk+UWdgY=
github.com/sammcj/go-mermaid v0.0.2/go.mod h1:oMUKZJFnVySMUwbkx2B6bmA2b3xFWDS2uH9mioKPwPs=
